{
  "version": "3",
  "packages": {
    "specifiers": {
      "jsr:@std/fmt@^0.225.4": "jsr:@std/fmt@0.225.4"
    },
    "jsr": {
      "@std/fmt@0.225.4": {
        "integrity": "584c681cf422b70e28959b57e59012823609c087384cbf12d05f67814797fda3"
      }
    }
  },
  "remote": {},
  "workspace": {
    "dependencies": [
      "jsr:@std/fmt@^0.225.4"
    ]
  }
}
